
Microsoft Visual Studio Solution File, Format Version 12.00
# Visual Studio 15
VisualStudioVersion = 15.0.28307.1082
MinimumVisualStudioVersion = 10.0.40219.1
Project("{8BC9CEB8-8B4A-11D0-8D11-00A0C91BC942}") = "DataContainers", "DataContainers\DataContainers.vcxproj", "{4BF06CA8-1501-43F9-A5B2-8E338B021FB1}"
EndProject
Project("{8BC9CEB8-8B4A-11D0-8D11-00A0C91BC942}") = "ForwardList", "ForwardList\ForwardList.vcxproj", "{15455385-834B-4CFD-BED6-BF2B74E3B69F}"
EndProject
Project("{8BC9CEB8-8B4A-11D0-8D11-00A0C91BC942}") = "List2", "List2\List2.vcxproj", "{D1DBAA09-2897-4998-8849-D3579C926F36}"
EndProject
Project("{8BC9CEB8-8B4A-11D0-8D11-00A0C91BC942}") = "BinaryTree", "BinaryTree\BinaryTree.vcxproj", "{B72BD8DA-9AF1-46A9-98F5-6A66FE5C98D3}"
EndProject
Global
	GlobalSection(SolutionConfigurationPlatforms) = preSolution
		Debug|x64 = Debug|x64
		Debug|x86 = Debug|x86
		Release|x64 = Release|x64
		Release|x86 = Release|x86
	EndGlobalSection
	GlobalSection(ProjectConfigurationPlatforms) = postSolution
		{4BF06CA8-1501-43F9-A5B2-8E338B021FB1}.Debug|x64.ActiveCfg = Debug|x64
		{4BF06CA8-1501-43F9-A5B2-8E338B021FB1}.Debug|x64.Build.0 = Debug|x64
		{4BF06CA8-1501-43F9-A5B2-8E338B021FB1}.Debug|x86.ActiveCfg = Debug|Win32
		{4BF06CA8-1501-43F9-A5B2-8E338B021FB1}.Debug|x86.Build.0 = Debug|Win32
		{4BF06CA8-1501-43F9-A5B2-8E338B021FB1}.Release|x64.ActiveCfg = Release|x64
		{4BF06CA8-1501-43F9-A5B2-8E338B021FB1}.Release|x64.Build.0 = Release|x64
		{4BF06CA8-1501-43F9-A5B2-8E338B021FB1}.Release|x86.ActiveCfg = Release|Win32
		{4BF06CA8-1501-43F9-A5B2-8E338B021FB1}.Release|x86.Build.0 = Release|Win32
		{15455385-834B-4CFD-BED6-BF2B74E3B69F}.Debug|x64.ActiveCfg = Debug|x64
		{15455385-834B-4CFD-BED6-BF2B74E3B69F}.Debug|x64.Build.0 = Debug|x64
		{15455385-834B-4CFD-BED6-BF2B74E3B69F}.Debug|x86.ActiveCfg = Debug|Win32
		{15455385-834B-4CFD-BED6-BF2B74E3B69F}.Debug|x86.Build.0 = Debug|Win32
		{15455385-834B-4CFD-BED6-BF2B74E3B69F}.Release|x64.ActiveCfg = Release|x64
		{15455385-834B-4CFD-BED6-BF2B74E3B69F}.Release|x64.Build.0 = Release|x64
		{15455385-834B-4CFD-BED6-BF2B74E3B69F}.Release|x86.ActiveCfg = Release|Win32
		{15455385-834B-4CFD-BED6-BF2B74E3B69F}.Release|x86.Build.0 = Release|Win32
		{D1DBAA09-2897-4998-8849-D3579C926F36}.Debug|x64.ActiveCfg = Debug|x64
		{D1DBAA09-2897-4998-8849-D3579C926F36}.Debug|x64.Build.0 = Debug|x64
		{D1DBAA09-2897-4998-8849-D3579C926F36}.Debug|x86.ActiveCfg = Debug|Win32
		{D1DBAA09-2897-4998-8849-D3579C926F36}.Debug|x86.Build.0 = Debug|Win32
		{D1DBAA09-2897-4998-8849-D3579C926F36}.Release|x64.ActiveCfg = Release|x64
		{D1DBAA09-2897-4998-8849-D3579C926F36}.Release|x64.Build.0 = Release|x64
		{D1DBAA09-2897-4998-8849-D3579C926F36}.Release|x86.ActiveCfg = Release|Win32
		{D1DBAA09-2897-4998-8849-D3579C926F36}.Release|x86.Build.0 = Release|Win32
		{B72BD8DA-9AF1-46A9-98F5-6A66FE5C98D3}.Debug|x64.ActiveCfg = Debug|x64
		{B72BD8DA-9AF1-46A9-98F5-6A66FE5C98D3}.Debug|x64.Build.0 = Debug|x64
		{B72BD8DA-9AF1-46A9-98F5-6A66FE5C98D3}.Debug|x86.ActiveCfg = Debug|Win32
		{B72BD8DA-9AF1-46A9-98F5-6A66FE5C98D3}.Debug|x86.Build.0 = Debug|Win32
		{B72BD8DA-9AF1-46A9-98F5-6A66FE5C98D3}.Release|x64.ActiveCfg = Release|x64
		{B72BD8DA-9AF1-46A9-98F5-6A66FE5C98D3}.Release|x64.Build.0 = Release|x64
		{B72BD8DA-9AF1-46A9-98F5-6A66FE5C98D3}.Release|x86.ActiveCfg = Release|Win32
		{B72BD8DA-9AF1-46A9-98F5-6A66FE5C98D3}.Release|x86.Build.0 = Release|Win32
	EndGlobalSection
	GlobalSection(SolutionProperties) = preSolution
		HideSolutionNode = FALSE
	EndGlobalSection
	GlobalSection(ExtensibilityGlobals) = postSolution
		SolutionGuid = {43DDE8E3-F546-4F3A-9820-891C05A415AA}
	EndGlobalSection
EndGlobal
