
Microsoft Visual Studio Solution File, Format Version 12.00
# Visual Studio 15
VisualStudioVersion = 15.0.28307.1082
MinimumVisualStudioVersion = 10.0.40219.1
Project("{8BC9CEB8-8B4A-11D0-8D11-00A0C91BC942}") = "IntroductionToOOP", "IntroductionToOOP\IntroductionToOOP.vcxproj", "{069FDD7C-24AF-47A6-969A-3E1170C43FBA}"
EndProject
Project("{8BC9CEB8-8B4A-11D0-8D11-00A0C91BC942}") = "Fraction", "Fraction\Fraction.vcxproj", "{2F92E2B9-C850-4A3B-AAA1-320F9AB2B9D3}"
EndProject
Global
	GlobalSection(SolutionConfigurationPlatforms) = preSolution
		Debug|x64 = Debug|x64
		Debug|x86 = Debug|x86
		Release|x64 = Release|x64
		Release|x86 = Release|x86
	EndGlobalSection
	GlobalSection(ProjectConfigurationPlatforms) = postSolution
		{069FDD7C-24AF-47A6-969A-3E1170C43FBA}.Debug|x64.ActiveCfg = Debug|x64
		{069FDD7C-24AF-47A6-969A-3E1170C43FBA}.Debug|x64.Build.0 = Debug|x64
		{069FDD7C-24AF-47A6-969A-3E1170C43FBA}.Debug|x86.ActiveCfg = Debug|Win32
		{069FDD7C-24AF-47A6-969A-3E1170C43FBA}.Debug|x86.Build.0 = Debug|Win32
		{069FDD7C-24AF-47A6-969A-3E1170C43FBA}.Release|x64.ActiveCfg = Release|x64
		{069FDD7C-24AF-47A6-969A-3E1170C43FBA}.Release|x64.Build.0 = Release|x64
		{069FDD7C-24AF-47A6-969A-3E1170C43FBA}.Release|x86.ActiveCfg = Release|Win32
		{069FDD7C-24AF-47A6-969A-3E1170C43FBA}.Release|x86.Build.0 = Release|Win32
		{2F92E2B9-C850-4A3B-AAA1-320F9AB2B9D3}.Debug|x64.ActiveCfg = Debug|x64
		{2F92E2B9-C850-4A3B-AAA1-320F9AB2B9D3}.Debug|x64.Build.0 = Debug|x64
		{2F92E2B9-C850-4A3B-AAA1-320F9AB2B9D3}.Debug|x86.ActiveCfg = Debug|Win32
		{2F92E2B9-C850-4A3B-AAA1-320F9AB2B9D3}.Debug|x86.Build.0 = Debug|Win32
		{2F92E2B9-C850-4A3B-AAA1-320F9AB2B9D3}.Release|x64.ActiveCfg = Release|x64
		{2F92E2B9-C850-4A3B-AAA1-320F9AB2B9D3}.Release|x64.Build.0 = Release|x64
		{2F92E2B9-C850-4A3B-AAA1-320F9AB2B9D3}.Release|x86.ActiveCfg = Release|Win32
		{2F92E2B9-C850-4A3B-AAA1-320F9AB2B9D3}.Release|x86.Build.0 = Release|Win32
	EndGlobalSection
	GlobalSection(SolutionProperties) = preSolution
		HideSolutionNode = FALSE
	EndGlobalSection
	GlobalSection(ExtensibilityGlobals) = postSolution
		SolutionGuid = {A9E1FE08-8228-4982-B1A7-A83B76EA62C3}
	EndGlobalSection
EndGlobal
