
Microsoft Visual Studio Solution File, Format Version 12.00
# Visual Studio 15
VisualStudioVersion = 15.0.28307.1082
MinimumVisualStudioVersion = 10.0.40219.1
Project("{8BC9CEB8-8B4A-11D0-8D11-00A0C91BC942}") = "Car", "Car\Car.vcxproj", "{CBF0A98A-1846-4F90-BDA7-832EEAEFAC1C}"
EndProject
Project("{8BC9CEB8-8B4A-11D0-8D11-00A0C91BC942}") = "Threads", "Threads\Threads.vcxproj", "{68CE21A2-A78C-4F93-8D9A-E83DEDF17F57}"
EndProject
Global
	GlobalSection(SolutionConfigurationPlatforms) = preSolution
		Debug|x64 = Debug|x64
		Debug|x86 = Debug|x86
		Release|x64 = Release|x64
		Release|x86 = Release|x86
	EndGlobalSection
	GlobalSection(ProjectConfigurationPlatforms) = postSolution
		{CBF0A98A-1846-4F90-BDA7-832EEAEFAC1C}.Debug|x64.ActiveCfg = Debug|x64
		{CBF0A98A-1846-4F90-BDA7-832EEAEFAC1C}.Debug|x64.Build.0 = Debug|x64
		{CBF0A98A-1846-4F90-BDA7-832EEAEFAC1C}.Debug|x86.ActiveCfg = Debug|Win32
		{CBF0A98A-1846-4F90-BDA7-832EEAEFAC1C}.Debug|x86.Build.0 = Debug|Win32
		{CBF0A98A-1846-4F90-BDA7-832EEAEFAC1C}.Release|x64.ActiveCfg = Release|x64
		{CBF0A98A-1846-4F90-BDA7-832EEAEFAC1C}.Release|x64.Build.0 = Release|x64
		{CBF0A98A-1846-4F90-BDA7-832EEAEFAC1C}.Release|x86.ActiveCfg = Release|Win32
		{CBF0A98A-1846-4F90-BDA7-832EEAEFAC1C}.Release|x86.Build.0 = Release|Win32
		{68CE21A2-A78C-4F93-8D9A-E83DEDF17F57}.Debug|x64.ActiveCfg = Debug|x64
		{68CE21A2-A78C-4F93-8D9A-E83DEDF17F57}.Debug|x64.Build.0 = Debug|x64
		{68CE21A2-A78C-4F93-8D9A-E83DEDF17F57}.Debug|x86.ActiveCfg = Debug|Win32
		{68CE21A2-A78C-4F93-8D9A-E83DEDF17F57}.Debug|x86.Build.0 = Debug|Win32
		{68CE21A2-A78C-4F93-8D9A-E83DEDF17F57}.Release|x64.ActiveCfg = Release|x64
		{68CE21A2-A78C-4F93-8D9A-E83DEDF17F57}.Release|x64.Build.0 = Release|x64
		{68CE21A2-A78C-4F93-8D9A-E83DEDF17F57}.Release|x86.ActiveCfg = Release|Win32
		{68CE21A2-A78C-4F93-8D9A-E83DEDF17F57}.Release|x86.Build.0 = Release|Win32
	EndGlobalSection
	GlobalSection(SolutionProperties) = preSolution
		HideSolutionNode = FALSE
	EndGlobalSection
	GlobalSection(ExtensibilityGlobals) = postSolution
		SolutionGuid = {D87E1558-2193-4A5E-8298-F87ACAD23510}
	EndGlobalSection
EndGlobal
