
Microsoft Visual Studio Solution File, Format Version 12.00
# Visual Studio 15
VisualStudioVersion = 15.0.28307.1082
MinimumVisualStudioVersion = 10.0.40219.1
Project("{8BC9CEB8-8B4A-11D0-8D11-00A0C91BC942}") = "STL", "STL\STL.vcxproj", "{880D37E4-678A-4459-90C0-07B1D9873B5E}"
EndProject
Project("{8BC9CEB8-8B4A-11D0-8D11-00A0C91BC942}") = "Exceptions", "Exceptions\Exceptions.vcxproj", "{1751E438-DC60-419B-AEF8-B9DF6F2ED35F}"
EndProject
Project("{8BC9CEB8-8B4A-11D0-8D11-00A0C91BC942}") = "AssociativeContainers", "AssociativeContainers\AssociativeContainers.vcxproj", "{8CE50270-7A45-4DA8-9B4A-9610395FC1AF}"
EndProject
Global
	GlobalSection(SolutionConfigurationPlatforms) = preSolution
		Debug|x64 = Debug|x64
		Debug|x86 = Debug|x86
		Release|x64 = Release|x64
		Release|x86 = Release|x86
	EndGlobalSection
	GlobalSection(ProjectConfigurationPlatforms) = postSolution
		{880D37E4-678A-4459-90C0-07B1D9873B5E}.Debug|x64.ActiveCfg = Debug|x64
		{880D37E4-678A-4459-90C0-07B1D9873B5E}.Debug|x64.Build.0 = Debug|x64
		{880D37E4-678A-4459-90C0-07B1D9873B5E}.Debug|x86.ActiveCfg = Debug|Win32
		{880D37E4-678A-4459-90C0-07B1D9873B5E}.Debug|x86.Build.0 = Debug|Win32
		{880D37E4-678A-4459-90C0-07B1D9873B5E}.Release|x64.ActiveCfg = Release|x64
		{880D37E4-678A-4459-90C0-07B1D9873B5E}.Release|x64.Build.0 = Release|x64
		{880D37E4-678A-4459-90C0-07B1D9873B5E}.Release|x86.ActiveCfg = Release|Win32
		{880D37E4-678A-4459-90C0-07B1D9873B5E}.Release|x86.Build.0 = Release|Win32
		{1751E438-DC60-419B-AEF8-B9DF6F2ED35F}.Debug|x64.ActiveCfg = Debug|x64
		{1751E438-DC60-419B-AEF8-B9DF6F2ED35F}.Debug|x64.Build.0 = Debug|x64
		{1751E438-DC60-419B-AEF8-B9DF6F2ED35F}.Debug|x86.ActiveCfg = Debug|Win32
		{1751E438-DC60-419B-AEF8-B9DF6F2ED35F}.Debug|x86.Build.0 = Debug|Win32
		{1751E438-DC60-419B-AEF8-B9DF6F2ED35F}.Release|x64.ActiveCfg = Release|x64
		{1751E438-DC60-419B-AEF8-B9DF6F2ED35F}.Release|x64.Build.0 = Release|x64
		{1751E438-DC60-419B-AEF8-B9DF6F2ED35F}.Release|x86.ActiveCfg = Release|Win32
		{1751E438-DC60-419B-AEF8-B9DF6F2ED35F}.Release|x86.Build.0 = Release|Win32
		{8CE50270-7A45-4DA8-9B4A-9610395FC1AF}.Debug|x64.ActiveCfg = Debug|x64
		{8CE50270-7A45-4DA8-9B4A-9610395FC1AF}.Debug|x64.Build.0 = Debug|x64
		{8CE50270-7A45-4DA8-9B4A-9610395FC1AF}.Debug|x86.ActiveCfg = Debug|Win32
		{8CE50270-7A45-4DA8-9B4A-9610395FC1AF}.Debug|x86.Build.0 = Debug|Win32
		{8CE50270-7A45-4DA8-9B4A-9610395FC1AF}.Release|x64.ActiveCfg = Release|x64
		{8CE50270-7A45-4DA8-9B4A-9610395FC1AF}.Release|x64.Build.0 = Release|x64
		{8CE50270-7A45-4DA8-9B4A-9610395FC1AF}.Release|x86.ActiveCfg = Release|Win32
		{8CE50270-7A45-4DA8-9B4A-9610395FC1AF}.Release|x86.Build.0 = Release|Win32
	EndGlobalSection
	GlobalSection(SolutionProperties) = preSolution
		HideSolutionNode = FALSE
	EndGlobalSection
	GlobalSection(ExtensibilityGlobals) = postSolution
		SolutionGuid = {175D5804-1CBD-4D8B-B720-CDDFDDD9155E}
	EndGlobalSection
EndGlobal
